// !$*UTF8*$!
{
	archiveVersion = 1;
	classes = {
	};
	objectVersion = 46;
	objects = {

/* Begin PBXBuildFile section */
		89F3E0544729C49567EBD5F3 /* libPods-SafeKeyBoard.a in Frameworks */ = {isa = PBXBuildFile; fileRef = C95ED9FDDC6EF9C3DF031868 /* libPods-SafeKeyBoard.a */; };
		FD2762C71EA859010066E7A8 /* main.m in Sources */ = {isa = PBXBuildFile; fileRef = FD2762C61EA859010066E7A8 /* main.m */; };
		FD2762CA1EA859010066E7A8 /* AppDelegate.m in Sources */ = {isa = PBXBuildFile; fileRef = FD2762C91EA859010066E7A8 /* AppDelegate.m */; };
		FD2762D01EA859010066E7A8 /* Main.storyboard in Resources */ = {isa = PBXBuildFile; fileRef = FD2762CE1EA859010066E7A8 /* Main.storyboard */; };
		FD2762D21EA859010066E7A8 /* Assets.xcassets in Resources */ = {isa = PBXBuildFile; fileRef = FD2762D11EA859010066E7A8 /* Assets.xcassets */; };
		FD2762D51EA859010066E7A8 /* LaunchScreen.storyboard in Resources */ = {isa = PBXBuildFile; fileRef = FD2762D31EA859010066E7A8 /* LaunchScreen.storyboard */; };
		FD2762E21EA859900066E7A8 /* KeyboardPicture.xcassets in Resources */ = {isa = PBXBuildFile; fileRef = FD2762DF1EA859900066E7A8 /* KeyboardPicture.xcassets */; };
		FD2762E31EA859900066E7A8 /* SafeKeyboard.m in Sources */ = {isa = PBXBuildFile; fileRef = FD2762E11EA859900066E7A8 /* SafeKeyboard.m */; };
		FD2762E61EA85B8D0066E7A8 /* SafeKeyBoardViewController.m in Sources */ = {isa = PBXBuildFile; fileRef = FD2762E51EA85B8D0066E7A8 /* SafeKeyBoardViewController.m */; };
/* End PBXBuildFile section */

/* Begin PBXFileReference section */
		100174AF14B421FD33E6FD51 /* Pods-SafeKeyBoard.debug.xcconfig */ = {isa = PBXFileReference; includeInIndex = 1; lastKnownFileType = text.xcconfig; name = "Pods-SafeKeyBoard.debug.xcconfig"; path = "Pods/Target Support Files/Pods-SafeKeyBoard/Pods-SafeKeyBoard.debug.xcconfig"; sourceTree = "<group>"; };
		56468F29AAE8BE605603056F /* Pods-SafeKeyBoard.release.xcconfig */ = {isa = PBXFileReference; includeInIndex = 1; lastKnownFileType = text.xcconfig; name = "Pods-SafeKeyBoard.release.xcconfig"; path = "Pods/Target Support Files/Pods-SafeKeyBoard/Pods-SafeKeyBoard.release.xcconfig"; sourceTree = "<group>"; };
		C95ED9FDDC6EF9C3DF031868 /* libPods-SafeKeyBoard.a */ = {isa = PBXFileReference; explicitFileType = archive.ar; includeInIndex = 0; path = "libPods-SafeKeyBoard.a"; sourceTree = BUILT_PRODUCTS_DIR; };
		FD2762C21EA859010066E7A8 /* SafeKeyBoard.app */ = {isa = PBXFileReference; explicitFileType = wrapper.application; includeInIndex = 0; path = SafeKeyBoard.app; sourceTree = BUILT_PRODUCTS_DIR; };
		FD2762C61EA859010066E7A8 /* main.m */ = {isa = PBXFileReference; lastKnownFileType = sourcecode.c.objc; path = main.m; sourceTree = "<group>"; };
		FD2762C81EA859010066E7A8 /* AppDelegate.h */ = {isa = PBXFileReference; lastKnownFileType = sourcecode.c.h; path = AppDelegate.h; sourceTree = "<group>"; };
		FD2762C91EA859010066E7A8 /* AppDelegate.m */ = {isa = PBXFileReference; lastKnownFileType = sourcecode.c.objc; path = AppDelegate.m; sourceTree = "<group>"; };
		FD2762CF1EA859010066E7A8 /* Base */ = {isa = PBXFileReference; lastKnownFileType = file.storyboard; name = Base; path = Base.lproj/Main.storyboard; sourceTree = "<group>"; };
		FD2762D11EA859010066E7A8 /* Assets.xcassets */ = {isa = PBXFileReference; lastKnownFileType = folder.assetcatalog; path = Assets.xcassets; sourceTree = "<group>"; };
		FD2762D41EA859010066E7A8 /* Base */ = {isa = PBXFileReference; lastKnownFileType = file.storyboard; name = Base; path = Base.lproj/LaunchScreen.storyboard; sourceTree = "<group>"; };
		FD2762D61EA859010066E7A8 /* Info.plist */ = {isa = PBXFileReference; lastKnownFileType = text.plist.xml; path = Info.plist; sourceTree = "<group>"; };
		FD2762DF1EA859900066E7A8 /* KeyboardPicture.xcassets */ = {isa = PBXFileReference; lastKnownFileType = folder.assetcatalog; path = KeyboardPicture.xcassets; sourceTree = "<group>"; };
		FD2762E01EA859900066E7A8 /* SafeKeyboard.h */ = {isa = PBXFileReference; fileEncoding = 4; lastKnownFileType = sourcecode.c.h; path = SafeKeyboard.h; sourceTree = "<group>"; };
		FD2762E11EA859900066E7A8 /* SafeKeyboard.m */ = {isa = PBXFileReference; fileEncoding = 4; lastKnownFileType = sourcecode.c.objc; path = SafeKeyboard.m; sourceTree = "<group>"; };
		FD2762E41EA85B8D0066E7A8 /* SafeKeyBoardViewController.h */ = {isa = PBXFileReference; fileEncoding = 4; lastKnownFileType = sourcecode.c.h; path = SafeKeyBoardViewController.h; sourceTree = "<group>"; };
		FD2762E51EA85B8D0066E7A8 /* SafeKeyBoardViewController.m */ = {isa = PBXFileReference; fileEncoding = 4; lastKnownFileType = sourcecode.c.objc; path = SafeKeyBoardViewController.m; sourceTree = "<group>"; };
/* End PBXFileReference section */

/* Begin PBXFrameworksBuildPhase section */
		FD2762BF1EA859010066E7A8 /* Frameworks */ = {
			isa = PBXFrameworksBuildPhase;
			buildActionMask = 2147483647;
			files = (
				89F3E0544729C49567EBD5F3 /* libPods-SafeKeyBoard.a in Frameworks */,
			);
			runOnlyForDeploymentPostprocessing = 0;
		};
/* End PBXFrameworksBuildPhase section */

/* Begin PBXGroup section */
		12B119C699D2CDAF12E1B8F3 /* Frameworks */ = {
			isa = PBXGroup;
			children = (
				C95ED9FDDC6EF9C3DF031868 /* libPods-SafeKeyBoard.a */,
			);
			name = Frameworks;
			sourceTree = "<group>";
		};
		9CEEBBF0F5658337FD4ED5D6 /* Pods */ = {
			isa = PBXGroup;
			children = (
				100174AF14B421FD33E6FD51 /* Pods-SafeKeyBoard.debug.xcconfig */,
				56468F29AAE8BE605603056F /* Pods-SafeKeyBoard.release.xcconfig */,
			);
			name = Pods;
			sourceTree = "<group>";
		};
		FD2762B91EA859010066E7A8 = {
			isa = PBXGroup;
			children = (
				FD2762C41EA859010066E7A8 /* SafeKeyBoard */,
				FD2762C31EA859010066E7A8 /* Products */,
				9CEEBBF0F5658337FD4ED5D6 /* Pods */,
				12B119C699D2CDAF12E1B8F3 /* Frameworks */,
			);
			sourceTree = "<group>";
		};
		FD2762C31EA859010066E7A8 /* Products */ = {
			isa = PBXGroup;
			children = (
				FD2762C21EA859010066E7A8 /* SafeKeyBoard.app */,
			);
			name = Products;
			sourceTree = "<group>";
		};
		FD2762C41EA859010066E7A8 /* SafeKeyBoard */ = {
			isa = PBXGroup;
			children = (
				FD2762DE1EA859900066E7A8 /* SafeKeyboard */,
				FD2762C81EA859010066E7A8 /* AppDelegate.h */,
				FD2762C91EA859010066E7A8 /* AppDelegate.m */,
				FD2762E41EA85B8D0066E7A8 /* SafeKeyBoardViewController.h */,
				FD2762E51EA85B8D0066E7A8 /* SafeKeyBoardViewController.m */,
				FD2762CE1EA859010066E7A8 /* Main.storyboard */,
				FD2762D11EA859010066E7A8 /* Assets.xcassets */,
				FD2762D31EA859010066E7A8 /* LaunchScreen.storyboard */,
				FD2762D61EA859010066E7A8 /* Info.plist */,
				FD2762C51EA859010066E7A8 /* Supporting Files */,
			);
			path = SafeKeyBoard;
			sourceTree = "<group>";
		};
		FD2762C51EA859010066E7A8 /* Supporting Files */ = {
			isa = PBXGroup;
			children = (
				FD2762C61EA859010066E7A8 /* main.m */,
			);
			name = "Supporting Files";
			sourceTree = "<group>";
		};
		FD2762DE1EA859900066E7A8 /* SafeKeyboard */ = {
			isa = PBXGroup;
			children = (
				FD2762DF1EA859900066E7A8 /* KeyboardPicture.xcassets */,
				FD2762E01EA859900066E7A8 /* SafeKeyboard.h */,
				FD2762E11EA859900066E7A8 /* SafeKeyboard.m */,
			);
			path = SafeKeyboard;
			sourceTree = "<group>";
		};
/* End PBXGroup section */

/* Begin PBXNativeTarget section */
		FD2762C11EA859010066E7A8 /* SafeKeyBoard */ = {
			isa = PBXNativeTarget;
			buildConfigurationList = FD2762D91EA859010066E7A8 /* Build configuration list for PBXNativeTarget "SafeKeyBoard" */;
			buildPhases = (
				C847E8EF3A6CD725D47EADC2 /* 📦 Check Pods Manifest.lock */,
				FD2762BE1EA859010066E7A8 /* Sources */,
				FD2762BF1EA859010066E7A8 /* Frameworks */,
				FD2762C01EA859010066E7A8 /* Resources */,
				D19D4F32935EBF29EA8E643C /* 📦 Embed Pods Frameworks */,
				6A45F3B5D494CB55D8E77C47 /* 📦 Copy Pods Resources */,
			);
			buildRules = (
			);
			dependencies = (
			);
			name = SafeKeyBoard;
			productName = SafeKeyBoard;
			productReference = FD2762C21EA859010066E7A8 /* SafeKeyBoard.app */;
			productType = "com.apple.product-type.application";
		};
/* End PBXNativeTarget section */

/* Begin PBXProject section */
		FD2762BA1EA859010066E7A8 /* Project object */ = {
			isa = PBXProject;
			attributes = {
				LastUpgradeCheck = 0830;
				ORGANIZATIONNAME = gaofu;
				TargetAttributes = {
					FD2762C11EA859010066E7A8 = {
						CreatedOnToolsVersion = 8.3;
						ProvisioningStyle = Automatic;
					};
				};
			};
			buildConfigurationList = FD2762BD1EA859010066E7A8 /* Build configuration list for PBXProject "SafeKeyBoard" */;
			compatibilityVersion = "Xcode 3.2";
			developmentRegion = English;
			hasScannedForEncodings = 0;
			knownRegions = (
				en,
				Base,
			);
			mainGroup = FD2762B91EA859010066E7A8;
			productRefGroup = FD2762C31EA859010066E7A8 /* Products */;
			projectDirPath = "";
			projectRoot = "";
			targets = (
				FD2762C11EA859010066E7A8 /* SafeKeyBoard */,
			);
		};
/* End PBXProject section */

/* Begin PBXResourcesBuildPhase section */
		FD2762C01EA859010066E7A8 /* Resources */ = {
			isa = PBXResourcesBuildPhase;
			buildActionMask = 2147483647;
			files = (
				FD2762D51EA859010066E7A8 /* LaunchScreen.storyboard in Resources */,
				FD2762E21EA859900066E7A8 /* KeyboardPicture.xcassets in Resources */,
				FD2762D21EA859010066E7A8 /* Assets.xcassets in Resources */,
				FD2762D01EA859010066E7A8 /* Main.storyboard in Resources */,
			);
			runOnlyForDeploymentPostprocessing = 0;
		};
/* End PBXResourcesBuildPhase section */

/* Begin PBXShellScriptBuildPhase section */
		6A45F3B5D494CB55D8E77C47 /* 📦 Copy Pods Resources */ = {
			isa = PBXShellScriptBuildPhase;
			buildActionMask = 2147483647;
			files = (
			);
			inputPaths = (
			);
			name = "📦 Copy Pods Resources";
			outputPaths = (
			);
			runOnlyForDeploymentPostprocessing = 0;
			shellPath = /bin/sh;
			shellScript = "\"${SRCROOT}/Pods/Target Support Files/Pods-SafeKeyBoard/Pods-SafeKeyBoard-resources.sh\"\n";
			showEnvVarsInLog = 0;
		};
		C847E8EF3A6CD725D47EADC2 /* 📦 Check Pods Manifest.lock */ = {
			isa = PBXShellScriptBuildPhase;
			buildActionMask = 2147483647;
			files = (
			);
			inputPaths = (
			);
			name = "📦 Check Pods Manifest.lock";
			outputPaths = (
			);
			runOnlyForDeploymentPostprocessing = 0;
			shellPath = /bin/sh;
			shellScript = "diff \"${PODS_ROOT}/../Podfile.lock\" \"${PODS_ROOT}/Manifest.lock\" > /dev/null\nif [[ $? != 0 ]] ; then\n    cat << EOM\nerror: The sandbox is not in sync with the Podfile.lock. Run 'pod install' or update your CocoaPods installation.\nEOM\n    exit 1\nfi\n";
			showEnvVarsInLog = 0;
		};
		D19D4F32935EBF29EA8E643C /* 📦 Embed Pods Frameworks */ = {
			isa = PBXShellScriptBuildPhase;
			buildActionMask = 2147483647;
			files = (
			);
			inputPaths = (
			);
			name = "📦 Embed Pods Frameworks";
			outputPaths = (
			);
			runOnlyForDeploymentPostprocessing = 0;
			shellPath = /bin/sh;
			shellScript = "\"${SRCROOT}/Pods/Target Support Files/Pods-SafeKeyBoard/Pods-SafeKeyBoard-frameworks.sh\"\n";
			showEnvVarsInLog = 0;
		};
/* End PBXShellScriptBuildPhase section */

/* Begin PBXSourcesBuildPhase section */
		FD2762BE1EA859010066E7A8 /* Sources */ = {
			isa = PBXSourcesBuildPhase;
			buildActionMask = 2147483647;
			files = (
				FD2762E31EA859900066E7A8 /* SafeKeyboard.m in Sources */,
				FD2762CA1EA859010066E7A8 /* AppDelegate.m in Sources */,
				FD2762E61EA85B8D0066E7A8 /* SafeKeyBoardViewController.m in Sources */,
				FD2762C71EA859010066E7A8 /* main.m in Sources */,
			);
			runOnlyForDeploymentPostprocessing = 0;
		};
/* End PBXSourcesBuildPhase section */

/* Begin PBXVariantGroup section */
		FD2762CE1EA859010066E7A8 /* Main.storyboard */ = {
			isa = PBXVariantGroup;
			children = (
				FD2762CF1EA859010066E7A8 /* Base */,
			);
			name = Main.storyboard;
			sourceTree = "<group>";
		};
		FD2762D31EA859010066E7A8 /* LaunchScreen.storyboard */ = {
			isa = PBXVariantGroup;
			children = (
				FD2762D41EA859010066E7A8 /* Base */,
			);
			name = LaunchScreen.storyboard;
			sourceTree = "<group>";
		};
/* End PBXVariantGroup section */

/* Begin XCBuildConfiguration section */
		FD2762D71EA859010066E7A8 /* Debug */ = {
			isa = XCBuildConfiguration;
			buildSettings = {
				ALWAYS_SEARCH_USER_PATHS = NO;
				CLANG_ANALYZER_NONNULL = YES;
				CLANG_ANALYZER_NUMBER_OBJECT_CONVERSION = YES_AGGRESSIVE;
				CLANG_CXX_LANGUAGE_STANDARD = "gnu++0x";
				CLANG_CXX_LIBRARY = "libc++";
				CLANG_ENABLE_MODULES = YES;
				CLANG_ENABLE_OBJC_ARC = YES;
				CLANG_WARN_BOOL_CONVERSION = YES;
				CLANG_WARN_CONSTANT_CONVERSION = YES;
				CLANG_WARN_DIRECT_OBJC_ISA_USAGE = YES_ERROR;
				CLANG_WARN_DOCUMENTATION_COMMENTS = YES;
				CLANG_WARN_EMPTY_BODY = YES;
				CLANG_WARN_ENUM_CONVERSION = YES;
				CLANG_WARN_INFINITE_RECURSION = YES;
				CLANG_WARN_INT_CONVERSION = YES;
				CLANG_WARN_OBJC_ROOT_CLASS = YES_ERROR;
				CLANG_WARN_SUSPICIOUS_MOVE = YES;
				CLANG_WARN_UNREACHABLE_CODE = YES;
				CLANG_WARN__DUPLICATE_METHOD_MATCH = YES;
				"CODE_SIGN_IDENTITY[sdk=iphoneos*]" = "iPhone Developer";
				COPY_PHASE_STRIP = NO;
				DEBUG_INFORMATION_FORMAT = dwarf;
				ENABLE_STRICT_OBJC_MSGSEND = YES;
				ENABLE_TESTABILITY = YES;
				GCC_C_LANGUAGE_STANDARD = gnu99;
				GCC_DYNAMIC_NO_PIC = NO;
				GCC_NO_COMMON_BLOCKS = YES;
				GCC_OPTIMIZATION_LEVEL = 0;
				GCC_PREPROCESSOR_DEFINITIONS = (
					"DEBUG=1",
					"$(inherited)",
				);
				GCC_WARN_64_TO_32_BIT_CONVERSION = YES;
				GCC_WARN_ABOUT_RETURN_TYPE = YES_ERROR;
				GCC_WARN_UNDECLARED_SELECTOR = YES;
				GCC_WARN_UNINITIALIZED_AUTOS = YES_AGGRESSIVE;
				GCC_WARN_UNUSED_FUNCTION = YES;
				GCC_WARN_UNUSED_VARIABLE = YES;
				IPHONEOS_DEPLOYMENT_TARGET = 10.3;
				MTL_ENABLE_DEBUG_INFO = YES;
				ONLY_ACTIVE_ARCH = YES;
				SDKROOT = iphoneos;
				TARGETED_DEVICE_FAMILY = "1,2";
			};
			name = Debug;
		};
		FD2762D81EA859010066E7A8 /* Release */ = {
			isa = XCBuildConfiguration;
			buildSettings = {
				ALWAYS_SEARCH_USER_PATHS = NO;
				CLANG_ANALYZER_NONNULL = YES;
				CLANG_ANALYZER_NUMBER_OBJECT_CONVERSION = YES_AGGRESSIVE;
				CLANG_CXX_LANGUAGE_STANDARD = "gnu++0x";
				CLANG_CXX_LIBRARY = "libc++";
				CLANG_ENABLE_MODULES = YES;
				CLANG_ENABLE_OBJC_ARC = YES;
				CLANG_WARN_BOOL_CONVERSION = YES;
				CLANG_WARN_CONSTANT_CONVERSION = YES;
				CLANG_WARN_DIRECT_OBJC_ISA_USAGE = YES_ERROR;
				CLANG_WARN_DOCUMENTATION_COMMENTS = YES;
				CLANG_WARN_EMPTY_BODY = YES;
				CLANG_WARN_ENUM_CONVERSION = YES;
				CLANG_WARN_INFINITE_RECURSION = YES;
				CLANG_WARN_INT_CONVERSION = YES;
				CLANG_WARN_OBJC_ROOT_CLASS = YES_ERROR;
				CLANG_WARN_SUSPICIOUS_MOVE = YES;
				CLANG_WARN_UNREACHABLE_CODE = YES;
				CLANG_WARN__DUPLICATE_METHOD_MATCH = YES;
				"CODE_SIGN_IDENTITY[sdk=iphoneos*]" = "iPhone Developer";
				COPY_PHASE_STRIP = NO;
				DEBUG_INFORMATION_FORMAT = "dwarf-with-dsym";
				ENABLE_NS_ASSERTIONS = NO;
				ENABLE_STRICT_OBJC_MSGSEND = YES;
				GCC_C_LANGUAGE_STANDARD = gnu99;
				GCC_NO_COMMON_BLOCKS = YES;
				GCC_WARN_64_TO_32_BIT_CONVERSION = YES;
				GCC_WARN_ABOUT_RETURN_TYPE = YES_ERROR;
				GCC_WARN_UNDECLARED_SELECTOR = YES;
				GCC_WARN_UNINITIALIZED_AUTOS = YES_AGGRESSIVE;
				GCC_WARN_UNUSED_FUNCTION = YES;
				GCC_WARN_UNUSED_VARIABLE = YES;
				IPHONEOS_DEPLOYMENT_TARGET = 10.3;
				MTL_ENABLE_DEBUG_INFO = NO;
				SDKROOT = iphoneos;
				TARGETED_DEVICE_FAMILY = "1,2";
				VALIDATE_PRODUCT = YES;
			};
			name = Release;
		};
		FD2762DA1EA859010066E7A8 /* Debug */ = {
			isa = XCBuildConfiguration;
			baseConfigurationReference = 100174AF14B421FD33E6FD51 /* Pods-SafeKeyBoard.debug.xcconfig */;
			buildSettings = {
				ASSETCATALOG_COMPILER_APPICON_NAME = AppIcon;
				INFOPLIST_FILE = SafeKeyBoard/Info.plist;
				IPHONEOS_DEPLOYMENT_TARGET = 10.0;
				LD_RUNPATH_SEARCH_PATHS = "$(inherited) @executable_path/Frameworks";
				PRODUCT_BUNDLE_IDENTIFIER = siruijk.com.SafeKeyBoard;
				PRODUCT_NAME = "$(TARGET_NAME)";
			};
			name = Debug;
		};
		FD2762DB1EA859010066E7A8 /* Release */ = {
			isa = XCBuildConfiguration;
			baseConfigurationReference = 56468F29AAE8BE605603056F /* Pods-SafeKeyBoard.release.xcconfig */;
			buildSettings = {
				ASSETCATALOG_COMPILER_APPICON_NAME = AppIcon;
				INFOPLIST_FILE = SafeKeyBoard/Info.plist;
				IPHONEOS_DEPLOYMENT_TARGET = 10.0;
				LD_RUNPATH_SEARCH_PATHS = "$(inherited) @executable_path/Frameworks";
				PRODUCT_BUNDLE_IDENTIFIER = siruijk.com.SafeKeyBoard;
				PRODUCT_NAME = "$(TARGET_NAME)";
			};
			name = Release;
		};
/* End XCBuildConfiguration section */

/* Begin XCConfigurationList section */
		FD2762BD1EA859010066E7A8 /* Build configuration list for PBXProject "SafeKeyBoard" */ = {
			isa = XCConfigurationList;
			buildConfigurations = (
				FD2762D71EA859010066E7A8 /* Debug */,
				FD2762D81EA859010066E7A8 /* Release */,
			);
			defaultConfigurationIsVisible = 0;
			defaultConfigurationName = Release;
		};
		FD2762D91EA859010066E7A8 /* Build configuration list for PBXNativeTarget "SafeKeyBoard" */ = {
			isa = XCConfigurationList;
			buildConfigurations = (
				FD2762DA1EA859010066E7A8 /* Debug */,
				FD2762DB1EA859010066E7A8 /* Release */,
			);
			defaultConfigurationIsVisible = 0;
			defaultConfigurationName = Release;
		};
/* End XCConfigurationList section */
	};
	rootObject = FD2762BA1EA859010066E7A8 /* Project object */;
}
